// !$*UTF8*$!
{
	archiveVersion = 1;
	classes = {
	};
	objectVersion = 50;
	objects = {

/* Begin PBXBuildFile section */
		5AAD3C6622002B2C00B97485 /* AppDelegate.m in Sources */ = {isa = PBXBuildFile; fileRef = 5AAD3C6522002B2C00B97485 /* AppDelegate.m */; };
		5AAD3C6922002B2C00B97485 /* ViewController.m in Sources */ = {isa = PBXBuildFile; fileRef = 5AAD3C6822002B2C00B97485 /* ViewController.m */; };
		5AAD3C6C22002B2C00B97485 /* Main.storyboard in Resources */ = {isa = PBXBuildFile; fileRef = 5AAD3C6A22002B2C00B97485 /* Main.storyboard */; };
		5AAD3C6E22002B2D00B97485 /* Assets.xcassets in Resources */ = {isa = PBXBuildFile; fileRef = 5AAD3C6D22002B2D00B97485 /* Assets.xcassets */; };
		5AAD3C7122002B2D00B97485 /* LaunchScreen.storyboard in Resources */ = {isa = PBXBuildFile; fileRef = 5AAD3C6F22002B2D00B97485 /* LaunchScreen.storyboard */; };
		5AAD3C7422002B2D00B97485 /* main.m in Sources */ = {isa = PBXBuildFile; fileRef = 5AAD3C7322002B2D00B97485 /* main.m */; };
/* End PBXBuildFile section */

/* Begin PBXFileReference section */
		5AAD3C6122002B2C00B97485 /* myFirstTest.app */ = {isa = PBXFileReference; explicitFileType = wrapper.application; includeInIndex = 0; path = myFirstTest.app; sourceTree = BUILT_PRODUCTS_DIR; };
		5AAD3C6422002B2C00B97485 /* AppDelegate.h */ = {isa = PBXFileReference; lastKnownFileType = sourcecode.c.h; path = AppDelegate.h; sourceTree = "<group>"; };
		5AAD3C6522002B2C00B97485 /* AppDelegate.m */ = {isa = PBXFileReference; lastKnownFileType = sourcecode.c.objc; path = AppDelegate.m; sourceTree = "<group>"; };
		5AAD3C6722002B2C00B97485 /* ViewController.h */ = {isa = PBXFileReference; lastKnownFileType = sourcecode.c.h; path = ViewController.h; sourceTree = "<group>"; };
		5AAD3C6822002B2C00B97485 /* ViewController.m */ = {isa = PBXFileReference; lastKnownFileType = sourcecode.c.objc; path = ViewController.m; sourceTree = "<group>"; };
		5AAD3C6B22002B2C00B97485 /* Base */ = {isa = PBXFileReference; lastKnownFileType = file.storyboard; name = Base; path = Base.lproj/Main.storyboard; sourceTree = "<group>"; };
		5AAD3C6D22002B2D00B97485 /* Assets.xcassets */ = {isa = PBXFileReference; lastKnownFileType = folder.assetcatalog; path = Assets.xcassets; sourceTree = "<group>"; };
		5AAD3C7022002B2D00B97485 /* Base */ = {isa = PBXFileReference; lastKnownFileType = file.storyboard; name = Base; path = Base.lproj/LaunchScreen.storyboard; sourceTree = "<group>"; };
		5AAD3C7222002B2D00B97485 /* Info.plist */ = {isa = PBXFileReference; lastKnownFileType = text.plist.xml; path = Info.plist; sourceTree = "<group>"; };
		5AAD3C7322002B2D00B97485 /* main.m */ = {isa = PBXFileReference; lastKnownFileType = sourcecode.c.objc; path = main.m; sourceTree = "<group>"; };
/* End PBXFileReference section */

/* Begin PBXFrameworksBuildPhase section */
		5AAD3C5E22002B2C00B97485 /* Frameworks */ = {
			isa = PBXFrameworksBuildPhase;
			buildActionMask = 2147483647;
			files = (
			);
			runOnlyForDeploymentPostprocessing = 0;
		};
/* End PBXFrameworksBuildPhase section */

/* Begin PBXGroup section */
		5AAD3C5822002B2C00B97485 = {
			isa = PBXGroup;
			children = (
				5AAD3C6322002B2C00B97485 /* myFirstTest */,
				5AAD3C6222002B2C00B97485 /* Products */,
			);
			sourceTree = "<group>";
		};
		5AAD3C6222002B2C00B97485 /* Products */ = {
			isa = PBXGroup;
			children = (
				5AAD3C6122002B2C00B97485 /* myFirstTest.app */,
			);
			name = Products;
			sourceTree = "<group>";
		};
		5AAD3C6322002B2C00B97485 /* myFirstTest */ = {
			isa = PBXGroup;
			children = (
				5AAD3C6422002B2C00B97485 /* AppDelegate.h */,
				5AAD3C6522002B2C00B97485 /* AppDelegate.m */,
				5AAD3C6722002B2C00B97485 /* ViewController.h */,
				5AAD3C6822002B2C00B97485 /* ViewController.m */,
				5AAD3C6A22002B2C00B97485 /* Main.storyboard */,
				5AAD3C6D22002B2D00B97485 /* Assets.xcassets */,
				5AAD3C6F22002B2D00B97485 /* LaunchScreen.storyboard */,
				5AAD3C7222002B2D00B97485 /* Info.plist */,
				5AAD3C7322002B2D00B97485 /* main.m */,
			);
			path = myFirstTest;
			sourceTree = "<group>";
		};
/* End PBXGroup section */

/* Begin PBXNativeTarget section */
		5AAD3C6022002B2C00B97485 /* myFirstTest */ = {
			isa = PBXNativeTarget;
			buildConfigurationList = 5AAD3C7722002B2D00B97485 /* Build configuration list for PBXNativeTarget "myFirstTest" */;
			buildPhases = (
				5AAD3C5D22002B2C00B97485 /* Sources */,
				5AAD3C5E22002B2C00B97485 /* Frameworks */,
				5AAD3C5F22002B2C00B97485 /* Resources */,
			);
			buildRules = (
			);
			dependencies = (
			);
			name = myFirstTest;
			productName = myFirstTest;
			productReference = 5AAD3C6122002B2C00B97485 /* myFirstTest.app */;
			productType = "com.apple.product-type.application";
		};
/* End PBXNativeTarget section */

/* Begin PBXProject section */
		5AAD3C5922002B2C00B97485 /* Project object */ = {
			isa = PBXProject;
			attributes = {
				LastUpgradeCheck = 1010;
				ORGANIZATIONNAME = YS;
				TargetAttributes = {
					5AAD3C6022002B2C00B97485 = {
						CreatedOnToolsVersion = 10.1;
					};
				};
			};
			buildConfigurationList = 5AAD3C5C22002B2C00B97485 /* Build configuration list for PBXProject "myFirstTest" */;
			compatibilityVersion = "Xcode 9.3";
			developmentRegion = en;
			hasScannedForEncodings = 0;
			knownRegions = (
				en,
				Base,
			);
			mainGroup = 5AAD3C5822002B2C00B97485;
			productRefGroup = 5AAD3C6222002B2C00B97485 /* Products */;
			projectDirPath = "";
			projectRoot = "";
			targets = (
				5AAD3C6022002B2C00B97485 /* myFirstTest */,
			);
		};
/* End PBXProject section */

/* Begin PBXResourcesBuildPhase section */
		5AAD3C5F22002B2C00B97485 /* Resources */ = {
			isa = PBXResourcesBuildPhase;
			buildActionMask = 2147483647;
			files = (
				5AAD3C7122002B2D00B97485 /* LaunchScreen.storyboard in Resources */,
				5AAD3C6E22002B2D00B97485 /* Assets.xcassets in Resources */,
				5AAD3C6C22002B2C00B97485 /* Main.storyboard in Resources */,
			);
			runOnlyForDeploymentPostprocessing = 0;
		};
/* End PBXResourcesBuildPhase section */

/* Begin PBXSourcesBuildPhase section */
		5AAD3C5D22002B2C00B97485 /* Sources */ = {
			isa = PBXSourcesBuildPhase;
			buildActionMask = 2147483647;
			files = (
				5AAD3C6922002B2C00B97485 /* ViewController.m in Sources */,
				5AAD3C7422002B2D00B97485 /* main.m in Sources */,
				5AAD3C6622002B2C00B97485 /* AppDelegate.m in Sources */,
			);
			runOnlyForDeploymentPostprocessing = 0;
		};
/* End PBXSourcesBuildPhase section */

/* Begin PBXVariantGroup section */
		5AAD3C6A22002B2C00B97485 /* Main.storyboard */ = {
			isa = PBXVariantGroup;
			children = (
				5AAD3C6B22002B2C00B97485 /* Base */,
			);
			name = Main.storyboard;
			sourceTree = "<group>";
		};
		5AAD3C6F22002B2D00B97485 /* LaunchScreen.storyboard */ = {
			isa = PBXVariantGroup;
			children = (
				5AAD3C7022002B2D00B97485 /* Base */,
			);
			name = LaunchScreen.storyboard;
			sourceTree = "<group>";
		};
/* End PBXVariantGroup section */

/* Begin XCBuildConfiguration section */
		5AAD3C7522002B2D00B97485 /* Debug */ = {
			isa = XCBuildConfiguration;
			buildSettings = {
				ALWAYS_SEARCH_USER_PATHS = NO;
				CLANG_ANALYZER_NONNULL = YES;
				CLANG_ANALYZER_NUMBER_OBJECT_CONVERSION = YES_AGGRESSIVE;
				CLANG_CXX_LANGUAGE_STANDARD = "gnu++14";
				CLANG_CXX_LIBRARY = "libc++";
				CLANG_ENABLE_MODULES = YES;
				CLANG_ENABLE_OBJC_ARC = YES;
				CLANG_ENABLE_OBJC_WEAK = YES;
				CLANG_WARN_BLOCK_CAPTURE_AUTORELEASING = YES;
				CLANG_WARN_BOOL_CONVERSION = YES;
				CLANG_WARN_COMMA = YES;
				CLANG_WARN_CONSTANT_CONVERSION = YES;
				CLANG_WARN_DEPRECATED_OBJC_IMPLEMENTATIONS = YES;
				CLANG_WARN_DIRECT_OBJC_ISA_USAGE = YES_ERROR;
				CLANG_WARN_DOCUMENTATION_COMMENTS = YES;
				CLANG_WARN_EMPTY_BODY = YES;
				CLANG_WARN_ENUM_CONVERSION = YES;
				CLANG_WARN_INFINITE_RECURSION = YES;
				CLANG_WARN_INT_CONVERSION = YES;
				CLANG_WARN_NON_LITERAL_NULL_CONVERSION = YES;
				CLANG_WARN_OBJC_IMPLICIT_RETAIN_SELF = YES;
				CLANG_WARN_OBJC_LITERAL_CONVERSION = YES;
				CLANG_WARN_OBJC_ROOT_CLASS = YES_ERROR;
				CLANG_WARN_RANGE_LOOP_ANALYSIS = YES;
				CLANG_WARN_STRICT_PROTOTYPES = YES;
				CLANG_WARN_SUSPICIOUS_MOVE = YES;
				CLANG_WARN_UNGUARDED_AVAILABILITY = YES_AGGRESSIVE;
				CLANG_WARN_UNREACHABLE_CODE = YES;
				CLANG_WARN__DUPLICATE_METHOD_MATCH = YES;
				CODE_SIGN_IDENTITY = "iPhone Developer";
				COPY_PHASE_STRIP = NO;
				DEBUG_INFORMATION_FORMAT = dwarf;
				ENABLE_STRICT_OBJC_MSGSEND = YES;
				ENABLE_TESTABILITY = YES;
				GCC_C_LANGUAGE_STANDARD = gnu11;
				GCC_DYNAMIC_NO_PIC = NO;
				GCC_NO_COMMON_BLOCKS = YES;
				GCC_OPTIMIZATION_LEVEL = 0;
				GCC_PREPROCESSOR_DEFINITIONS = (
					"DEBUG=1",
					"$(inherited)",
				);
				GCC_WARN_64_TO_32_BIT_CONVERSION = YES;
				GCC_WARN_ABOUT_RETURN_TYPE = YES_ERROR;
				GCC_WARN_UNDECLARED_SELECTOR = YES;
				GCC_WARN_UNINITIALIZED_AUTOS = YES_AGGRESSIVE;
				GCC_WARN_UNUSED_FUNCTION = YES;
				GCC_WARN_UNUSED_VARIABLE = YES;
				IPHONEOS_DEPLOYMENT_TARGET = 12.1;
				MTL_ENABLE_DEBUG_INFO = INCLUDE_SOURCE;
				MTL_FAST_MATH = YES;
				ONLY_ACTIVE_ARCH = YES;
				SDKROOT = iphoneos;
			};
			name = Debug;
		};
		5AAD3C7622002B2D00B97485 /* Release */ = {
			isa = XCBuildConfiguration;
			buildSettings = {
				ALWAYS_SEARCH_USER_PATHS = NO;
				CLANG_ANALYZER_NONNULL = YES;
				CLANG_ANALYZER_NUMBER_OBJECT_CONVERSION = YES_AGGRESSIVE;
				CLANG_CXX_LANGUAGE_STANDARD = "gnu++14";
				CLANG_CXX_LIBRARY = "libc++";
				CLANG_ENABLE_MODULES = YES;
				CLANG_ENABLE_OBJC_ARC = YES;
				CLANG_ENABLE_OBJC_WEAK = YES;
				CLANG_WARN_BLOCK_CAPTURE_AUTORELEASING = YES;
				CLANG_WARN_BOOL_CONVERSION = YES;
				CLANG_WARN_COMMA = YES;
				CLANG_WARN_CONSTANT_CONVERSION = YES;
				CLANG_WARN_DEPRECATED_OBJC_IMPLEMENTATIONS = YES;
				CLANG_WARN_DIRECT_OBJC_ISA_USAGE = YES_ERROR;
				CLANG_WARN_DOCUMENTATION_COMMENTS = YES;
				CLANG_WARN_EMPTY_BODY = YES;
				CLANG_WARN_ENUM_CONVERSION = YES;
				CLANG_WARN_INFINITE_RECURSION = YES;
				CLANG_WARN_INT_CONVERSION = YES;
				CLANG_WARN_NON_LITERAL_NULL_CONVERSION = YES;
				CLANG_WARN_OBJC_IMPLICIT_RETAIN_SELF = YES;
				CLANG_WARN_OBJC_LITERAL_CONVERSION = YES;
				CLANG_WARN_OBJC_ROOT_CLASS = YES_ERROR;
				CLANG_WARN_RANGE_LOOP_ANALYSIS = YES;
				CLANG_WARN_STRICT_PROTOTYPES = YES;
				CLANG_WARN_SUSPICIOUS_MOVE = YES;
				CLANG_WARN_UNGUARDED_AVAILABILITY = YES_AGGRESSIVE;
				CLANG_WARN_UNREACHABLE_CODE = YES;
				CLANG_WARN__DUPLICATE_METHOD_MATCH = YES;
				CODE_SIGN_IDENTITY = "iPhone Developer";
				COPY_PHASE_STRIP = NO;
				DEBUG_INFORMATION_FORMAT = "dwarf-with-dsym";
				ENABLE_NS_ASSERTIONS = NO;
				ENABLE_STRICT_OBJC_MSGSEND = YES;
				GCC_C_LANGUAGE_STANDARD = gnu11;
				GCC_NO_COMMON_BLOCKS = YES;
				GCC_WARN_64_TO_32_BIT_CONVERSION = YES;
				GCC_WARN_ABOUT_RETURN_TYPE = YES_ERROR;
				GCC_WARN_UNDECLARED_SELECTOR = YES;
				GCC_WARN_UNINITIALIZED_AUTOS = YES_AGGRESSIVE;
				GCC_WARN_UNUSED_FUNCTION = YES;
				GCC_WARN_UNUSED_VARIABLE = YES;
				IPHONEOS_DEPLOYMENT_TARGET = 12.1;
				MTL_ENABLE_DEBUG_INFO = NO;
				MTL_FAST_MATH = YES;
				SDKROOT = iphoneos;
				VALIDATE_PRODUCT = YES;
			};
			name = Release;
		};
		5AAD3C7822002B2D00B97485 /* Debug */ = {
			isa = XCBuildConfiguration;
			buildSettings = {
				ASSETCATALOG_COMPILER_APPICON_NAME = AppIcon;
				CODE_SIGN_STYLE = Automatic;
				DEVELOPMENT_TEAM = G5PUB23NTN;
				INFOPLIST_FILE = myFirstTest/Info.plist;
				LD_RUNPATH_SEARCH_PATHS = (
					"$(inherited)",
					"@executable_path/Frameworks",
				);
				PRODUCT_BUNDLE_IDENTIFIER = com.ys.myFirstTest;
				PRODUCT_NAME = "$(TARGET_NAME)";
				TARGETED_DEVICE_FAMILY = "1,2";
			};
			name = Debug;
		};
		5AAD3C7922002B2D00B97485 /* Release */ = {
			isa = XCBuildConfiguration;
			buildSettings = {
				ASSETCATALOG_COMPILER_APPICON_NAME = AppIcon;
				CODE_SIGN_STYLE = Automatic;
				DEVELOPMENT_TEAM = G5PUB23NTN;
				INFOPLIST_FILE = myFirstTest/Info.plist;
				LD_RUNPATH_SEARCH_PATHS = (
					"$(inherited)",
					"@executable_path/Frameworks",
				);
				PRODUCT_BUNDLE_IDENTIFIER = com.ys.myFirstTest;
				PRODUCT_NAME = "$(TARGET_NAME)";
				TARGETED_DEVICE_FAMILY = "1,2";
			};
			name = Release;
		};
/* End XCBuildConfiguration section */

/* Begin XCConfigurationList section */
		5AAD3C5C22002B2C00B97485 /* Build configuration list for PBXProject "myFirstTest" */ = {
			isa = XCConfigurationList;
			buildConfigurations = (
				5AAD3C7522002B2D00B97485 /* Debug */,
				5AAD3C7622002B2D00B97485 /* Release */,
			);
			defaultConfigurationIsVisible = 0;
			defaultConfigurationName = Release;
		};
		5AAD3C7722002B2D00B97485 /* Build configuration list for PBXNativeTarget "myFirstTest" */ = {
			isa = XCConfigurationList;
			buildConfigurations = (
				5AAD3C7822002B2D00B97485 /* Debug */,
				5AAD3C7922002B2D00B97485 /* Release */,
			);
			defaultConfigurationIsVisible = 0;
			defaultConfigurationName = Release;
		};
/* End XCConfigurationList section */
	};
	rootObject = 5AAD3C5922002B2C00B97485 /* Project object */;
}
